
Microsoft Visual Studio Solution File, Format Version 12.00
# Visual Studio Version 17
VisualStudioVersion = 17.1.32120.378
MinimumVisualStudioVersion = 10.0.40219.1
Project("{2150E333-8FDC-42A3-9474-1A3956D46DE8}") = ".Examples", ".Examples", "{3736B944-7C64-43F5-A947-587B95A2E933}"
EndProject
Project("{2150E333-8FDC-42A3-9474-1A3956D46DE8}") = "z_Tests", "z_Tests", "{C95E86A4-1F2E-4EB6-9462-E0DB6B13CC71}"
EndProject
Project("{2150E333-8FDC-42A3-9474-1A3956D46DE8}") = "NetProc", "NetProc", "{0D635C32-503C-4ED7-B73B-EF8C95360A3F}"
EndProject
Project("{9A19103F-16F7-4668-BE54-9A1E7A4F7556}") = "NetProcGame.RgbLeds", "Examples\P3-ROC\NetProcGame.RgbLeds\NetProcGame.RgbLeds.csproj", "{2A5D19C3-23CD-4D4E-98B0-5A636EB374BD}"
EndProject
Project("{9A19103F-16F7-4668-BE54-9A1E7A4F7556}") = "NetProcGameTest", "Examples\P-ROC\NetProcGameTest\NetProcGameTest.csproj", "{2AB7CD32-E016-4792-A369-0A530B5193B7}"
EndProject
Project("{2150E333-8FDC-42A3-9474-1A3956D46DE8}") = "P-ROC", "P-ROC", "{EC18C38D-36F5-4891-9526-0D9ACCB74E8E}"
EndProject
Project("{2150E333-8FDC-42A3-9474-1A3956D46DE8}") = "P3-ROC", "P3-ROC", "{522576D4-8C90-4469-867D-FAB427D9B36E}"
EndProject
Project("{9A19103F-16F7-4668-BE54-9A1E7A4F7556}") = "NetProc.Tests", "Tests\NetProc.Tests\NetProc.Tests.csproj", "{1475F980-15CD-49BE-B2BA-10F40849F5FC}"
EndProject
Project("{9A19103F-16F7-4668-BE54-9A1E7A4F7556}") = "NetProc.ProcDevice", "Examples\P3-ROC\NetProc.ProcDevice\NetProc.ProcDevice.csproj", "{F65782E7-26E9-4153-A8FB-0893474DD310}"
EndProject
Project("{9A19103F-16F7-4668-BE54-9A1E7A4F7556}") = "NetProc.PinGod", "Examples\P3-ROC\NetProc.PinGod\NetProc.PinGod.csproj", "{E6A78F08-B9C4-48C4-B5A1-15C4F8E516C7}"
EndProject
Project("{9A19103F-16F7-4668-BE54-9A1E7A4F7556}") = "NetProc", "NetProc\NetProc.csproj", "{586F1BA8-0BA9-4827-BF53-B19DB2DA6B78}"
EndProject
Project("{9A19103F-16F7-4668-BE54-9A1E7A4F7556}") = "NetProc.Dmd", "NetProc.Dmd\NetProc.Dmd.csproj", "{5A0FB0A3-417E-48E8-A602-43A65D7EF7CE}"
EndProject
Project("{9A19103F-16F7-4668-BE54-9A1E7A4F7556}") = "NetProc.Data", "NetProc.Data\NetProc.Data.csproj", "{57FBFF49-2DBF-4744-A2BB-9CFCDDC0AF85}"
EndProject
Project("{9A19103F-16F7-4668-BE54-9A1E7A4F7556}") = "NetProc.Game", "NetProc.Game\NetProc.Game.csproj", "{172F4249-4A0A-4ADA-B57A-996016C1D519}"
EndProject
Project("{2150E333-8FDC-42A3-9474-1A3956D46DE8}") = "NetProc.Ports", "NetProc.Ports", "{E982502B-E408-4083-A92A-5CBD58CCF0B0}"
EndProject
Project("{9A19103F-16F7-4668-BE54-9A1E7A4F7556}") = "NetProc.Ports.WSLED", "NetProc.Ports\NetProc.Ports.WSLED\NetProc.Ports.WSLED.csproj", "{E923B539-0C3D-4919-8D3D-E7E3FFD19B02}"
EndProject
Global
	GlobalSection(SolutionConfigurationPlatforms) = preSolution
		Debug|Any CPU = Debug|Any CPU
		Debug|Mixed Platforms = Debug|Mixed Platforms
		Debug|x86 = Debug|x86
		ExportDebug|Any CPU = ExportDebug|Any CPU
		ExportDebug|Mixed Platforms = ExportDebug|Mixed Platforms
		ExportDebug|x86 = ExportDebug|x86
		ExportRelease|Any CPU = ExportRelease|Any CPU
		ExportRelease|Mixed Platforms = ExportRelease|Mixed Platforms
		ExportRelease|x86 = ExportRelease|x86
		Release|Any CPU = Release|Any CPU
		Release|Mixed Platforms = Release|Mixed Platforms
		Release|x86 = Release|x86
	EndGlobalSection
	GlobalSection(ProjectConfigurationPlatforms) = postSolution
		{2A5D19C3-23CD-4D4E-98B0-5A636EB374BD}.Debug|Any CPU.ActiveCfg = Debug|Any CPU
		{2A5D19C3-23CD-4D4E-98B0-5A636EB374BD}.Debug|Any CPU.Build.0 = Debug|Any CPU
		{2A5D19C3-23CD-4D4E-98B0-5A636EB374BD}.Debug|Mixed Platforms.ActiveCfg = Debug|Any CPU
		{2A5D19C3-23CD-4D4E-98B0-5A636EB374BD}.Debug|Mixed Platforms.Build.0 = Debug|Any CPU
		{2A5D19C3-23CD-4D4E-98B0-5A636EB374BD}.Debug|x86.ActiveCfg = Debug|x86
		{2A5D19C3-23CD-4D4E-98B0-5A636EB374BD}.Debug|x86.Build.0 = Debug|x86
		{2A5D19C3-23CD-4D4E-98B0-5A636EB374BD}.ExportDebug|Any CPU.ActiveCfg = Debug|Any CPU
		{2A5D19C3-23CD-4D4E-98B0-5A636EB374BD}.ExportDebug|Any CPU.Build.0 = Debug|Any CPU
		{2A5D19C3-23CD-4D4E-98B0-5A636EB374BD}.ExportDebug|Mixed Platforms.ActiveCfg = Debug|Any CPU
		{2A5D19C3-23CD-4D4E-98B0-5A636EB374BD}.ExportDebug|Mixed Platforms.Build.0 = Debug|Any CPU
		{2A5D19C3-23CD-4D4E-98B0-5A636EB374BD}.ExportDebug|x86.ActiveCfg = Debug|Any CPU
		{2A5D19C3-23CD-4D4E-98B0-5A636EB374BD}.ExportDebug|x86.Build.0 = Debug|Any CPU
		{2A5D19C3-23CD-4D4E-98B0-5A636EB374BD}.ExportRelease|Any CPU.ActiveCfg = Release|Any CPU
		{2A5D19C3-23CD-4D4E-98B0-5A636EB374BD}.ExportRelease|Any CPU.Build.0 = Release|Any CPU
		{2A5D19C3-23CD-4D4E-98B0-5A636EB374BD}.ExportRelease|Mixed Platforms.ActiveCfg = Release|Any CPU
		{2A5D19C3-23CD-4D4E-98B0-5A636EB374BD}.ExportRelease|Mixed Platforms.Build.0 = Release|Any CPU
		{2A5D19C3-23CD-4D4E-98B0-5A636EB374BD}.ExportRelease|x86.ActiveCfg = Release|Any CPU
		{2A5D19C3-23CD-4D4E-98B0-5A636EB374BD}.ExportRelease|x86.Build.0 = Release|Any CPU
		{2A5D19C3-23CD-4D4E-98B0-5A636EB374BD}.Release|Any CPU.ActiveCfg = Release|Any CPU
		{2A5D19C3-23CD-4D4E-98B0-5A636EB374BD}.Release|Any CPU.Build.0 = Release|Any CPU
		{2A5D19C3-23CD-4D4E-98B0-5A636EB374BD}.Release|Mixed Platforms.ActiveCfg = Release|Any CPU
		{2A5D19C3-23CD-4D4E-98B0-5A636EB374BD}.Release|Mixed Platforms.Build.0 = Release|Any CPU
		{2A5D19C3-23CD-4D4E-98B0-5A636EB374BD}.Release|x86.ActiveCfg = Release|Any CPU
		{2A5D19C3-23CD-4D4E-98B0-5A636EB374BD}.Release|x86.Build.0 = Release|Any CPU
		{2AB7CD32-E016-4792-A369-0A530B5193B7}.Debug|Any CPU.ActiveCfg = Debug|x86
		{2AB7CD32-E016-4792-A369-0A530B5193B7}.Debug|Any CPU.Build.0 = Debug|x86
		{2AB7CD32-E016-4792-A369-0A530B5193B7}.Debug|Mixed Platforms.ActiveCfg = Debug|x86
		{2AB7CD32-E016-4792-A369-0A530B5193B7}.Debug|Mixed Platforms.Build.0 = Debug|x86
		{2AB7CD32-E016-4792-A369-0A530B5193B7}.Debug|x86.ActiveCfg = Debug|x86
		{2AB7CD32-E016-4792-A369-0A530B5193B7}.Debug|x86.Build.0 = Debug|x86
		{2AB7CD32-E016-4792-A369-0A530B5193B7}.ExportDebug|Any CPU.ActiveCfg = Debug|x86
		{2AB7CD32-E016-4792-A369-0A530B5193B7}.ExportDebug|Any CPU.Build.0 = Debug|x86
		{2AB7CD32-E016-4792-A369-0A530B5193B7}.ExportDebug|Mixed Platforms.ActiveCfg = Debug|x86
		{2AB7CD32-E016-4792-A369-0A530B5193B7}.ExportDebug|Mixed Platforms.Build.0 = Debug|x86
		{2AB7CD32-E016-4792-A369-0A530B5193B7}.ExportDebug|x86.ActiveCfg = Debug|x86
		{2AB7CD32-E016-4792-A369-0A530B5193B7}.ExportDebug|x86.Build.0 = Debug|x86
		{2AB7CD32-E016-4792-A369-0A530B5193B7}.ExportRelease|Any CPU.ActiveCfg = Debug|x86
		{2AB7CD32-E016-4792-A369-0A530B5193B7}.ExportRelease|Any CPU.Build.0 = Debug|x86
		{2AB7CD32-E016-4792-A369-0A530B5193B7}.ExportRelease|Mixed Platforms.ActiveCfg = Release|x86
		{2AB7CD32-E016-4792-A369-0A530B5193B7}.ExportRelease|Mixed Platforms.Build.0 = Release|x86
		{2AB7CD32-E016-4792-A369-0A530B5193B7}.ExportRelease|x86.ActiveCfg = Release|x86
		{2AB7CD32-E016-4792-A369-0A530B5193B7}.ExportRelease|x86.Build.0 = Release|x86
		{2AB7CD32-E016-4792-A369-0A530B5193B7}.Release|Any CPU.ActiveCfg = Release|x86
		{2AB7CD32-E016-4792-A369-0A530B5193B7}.Release|Any CPU.Build.0 = Release|x86
		{2AB7CD32-E016-4792-A369-0A530B5193B7}.Release|Mixed Platforms.ActiveCfg = Release|x86
		{2AB7CD32-E016-4792-A369-0A530B5193B7}.Release|Mixed Platforms.Build.0 = Release|x86
		{2AB7CD32-E016-4792-A369-0A530B5193B7}.Release|x86.ActiveCfg = Release|x86
		{2AB7CD32-E016-4792-A369-0A530B5193B7}.Release|x86.Build.0 = Release|x86
		{1475F980-15CD-49BE-B2BA-10F40849F5FC}.Debug|Any CPU.ActiveCfg = Debug|Any CPU
		{1475F980-15CD-49BE-B2BA-10F40849F5FC}.Debug|Any CPU.Build.0 = Debug|Any CPU
		{1475F980-15CD-49BE-B2BA-10F40849F5FC}.Debug|Mixed Platforms.ActiveCfg = Debug|Any CPU
		{1475F980-15CD-49BE-B2BA-10F40849F5FC}.Debug|Mixed Platforms.Build.0 = Debug|Any CPU
		{1475F980-15CD-49BE-B2BA-10F40849F5FC}.Debug|x86.ActiveCfg = Debug|x86
		{1475F980-15CD-49BE-B2BA-10F40849F5FC}.Debug|x86.Build.0 = Debug|x86
		{1475F980-15CD-49BE-B2BA-10F40849F5FC}.ExportDebug|Any CPU.ActiveCfg = Debug|Any CPU
		{1475F980-15CD-49BE-B2BA-10F40849F5FC}.ExportDebug|Any CPU.Build.0 = Debug|Any CPU
		{1475F980-15CD-49BE-B2BA-10F40849F5FC}.ExportDebug|Mixed Platforms.ActiveCfg = Debug|Any CPU
		{1475F980-15CD-49BE-B2BA-10F40849F5FC}.ExportDebug|Mixed Platforms.Build.0 = Debug|Any CPU
		{1475F980-15CD-49BE-B2BA-10F40849F5FC}.ExportDebug|x86.ActiveCfg = Debug|Any CPU
		{1475F980-15CD-49BE-B2BA-10F40849F5FC}.ExportDebug|x86.Build.0 = Debug|Any CPU
		{1475F980-15CD-49BE-B2BA-10F40849F5FC}.ExportRelease|Any CPU.ActiveCfg = Release|Any CPU
		{1475F980-15CD-49BE-B2BA-10F40849F5FC}.ExportRelease|Any CPU.Build.0 = Release|Any CPU
		{1475F980-15CD-49BE-B2BA-10F40849F5FC}.ExportRelease|Mixed Platforms.ActiveCfg = Release|Any CPU
		{1475F980-15CD-49BE-B2BA-10F40849F5FC}.ExportRelease|Mixed Platforms.Build.0 = Release|Any CPU
		{1475F980-15CD-49BE-B2BA-10F40849F5FC}.ExportRelease|x86.ActiveCfg = Release|Any CPU
		{1475F980-15CD-49BE-B2BA-10F40849F5FC}.ExportRelease|x86.Build.0 = Release|Any CPU
		{1475F980-15CD-49BE-B2BA-10F40849F5FC}.Release|Any CPU.ActiveCfg = Release|Any CPU
		{1475F980-15CD-49BE-B2BA-10F40849F5FC}.Release|Any CPU.Build.0 = Release|Any CPU
		{1475F980-15CD-49BE-B2BA-10F40849F5FC}.Release|Mixed Platforms.ActiveCfg = Release|Any CPU
		{1475F980-15CD-49BE-B2BA-10F40849F5FC}.Release|Mixed Platforms.Build.0 = Release|Any CPU
		{1475F980-15CD-49BE-B2BA-10F40849F5FC}.Release|x86.ActiveCfg = Release|Any CPU
		{1475F980-15CD-49BE-B2BA-10F40849F5FC}.Release|x86.Build.0 = Release|Any CPU
		{F65782E7-26E9-4153-A8FB-0893474DD310}.Debug|Any CPU.ActiveCfg = Debug|x86
		{F65782E7-26E9-4153-A8FB-0893474DD310}.Debug|Any CPU.Build.0 = Debug|x86
		{F65782E7-26E9-4153-A8FB-0893474DD310}.Debug|Mixed Platforms.ActiveCfg = Debug|x86
		{F65782E7-26E9-4153-A8FB-0893474DD310}.Debug|Mixed Platforms.Build.0 = Debug|x86
		{F65782E7-26E9-4153-A8FB-0893474DD310}.Debug|x86.ActiveCfg = Debug|x86
		{F65782E7-26E9-4153-A8FB-0893474DD310}.Debug|x86.Build.0 = Debug|x86
		{F65782E7-26E9-4153-A8FB-0893474DD310}.ExportDebug|Any CPU.ActiveCfg = Debug|x86
		{F65782E7-26E9-4153-A8FB-0893474DD310}.ExportDebug|Any CPU.Build.0 = Debug|x86
		{F65782E7-26E9-4153-A8FB-0893474DD310}.ExportDebug|Mixed Platforms.ActiveCfg = Debug|x86
		{F65782E7-26E9-4153-A8FB-0893474DD310}.ExportDebug|Mixed Platforms.Build.0 = Debug|x86
		{F65782E7-26E9-4153-A8FB-0893474DD310}.ExportDebug|x86.ActiveCfg = Debug|x86
		{F65782E7-26E9-4153-A8FB-0893474DD310}.ExportDebug|x86.Build.0 = Debug|x86
		{F65782E7-26E9-4153-A8FB-0893474DD310}.ExportRelease|Any CPU.ActiveCfg = Debug|x86
		{F65782E7-26E9-4153-A8FB-0893474DD310}.ExportRelease|Any CPU.Build.0 = Debug|x86
		{F65782E7-26E9-4153-A8FB-0893474DD310}.ExportRelease|Mixed Platforms.ActiveCfg = Release|x86
		{F65782E7-26E9-4153-A8FB-0893474DD310}.ExportRelease|Mixed Platforms.Build.0 = Release|x86
		{F65782E7-26E9-4153-A8FB-0893474DD310}.ExportRelease|x86.ActiveCfg = Release|x86
		{F65782E7-26E9-4153-A8FB-0893474DD310}.ExportRelease|x86.Build.0 = Release|x86
		{F65782E7-26E9-4153-A8FB-0893474DD310}.Release|Any CPU.ActiveCfg = Release|x86
		{F65782E7-26E9-4153-A8FB-0893474DD310}.Release|Any CPU.Build.0 = Release|x86
		{F65782E7-26E9-4153-A8FB-0893474DD310}.Release|Mixed Platforms.ActiveCfg = Release|x86
		{F65782E7-26E9-4153-A8FB-0893474DD310}.Release|Mixed Platforms.Build.0 = Release|x86
		{F65782E7-26E9-4153-A8FB-0893474DD310}.Release|x86.ActiveCfg = Release|x86
		{F65782E7-26E9-4153-A8FB-0893474DD310}.Release|x86.Build.0 = Release|x86
		{E6A78F08-B9C4-48C4-B5A1-15C4F8E516C7}.Debug|Any CPU.ActiveCfg = Debug|Any CPU
		{E6A78F08-B9C4-48C4-B5A1-15C4F8E516C7}.Debug|Any CPU.Build.0 = Debug|Any CPU
		{E6A78F08-B9C4-48C4-B5A1-15C4F8E516C7}.Debug|Mixed Platforms.ActiveCfg = Debug|Any CPU
		{E6A78F08-B9C4-48C4-B5A1-15C4F8E516C7}.Debug|Mixed Platforms.Build.0 = Debug|Any CPU
		{E6A78F08-B9C4-48C4-B5A1-15C4F8E516C7}.Debug|x86.ActiveCfg = Debug|Any CPU
		{E6A78F08-B9C4-48C4-B5A1-15C4F8E516C7}.Debug|x86.Build.0 = Debug|Any CPU
		{E6A78F08-B9C4-48C4-B5A1-15C4F8E516C7}.ExportDebug|Any CPU.ActiveCfg = ExportDebug|Any CPU
		{E6A78F08-B9C4-48C4-B5A1-15C4F8E516C7}.ExportDebug|Any CPU.Build.0 = ExportDebug|Any CPU
		{E6A78F08-B9C4-48C4-B5A1-15C4F8E516C7}.ExportDebug|Mixed Platforms.ActiveCfg = ExportDebug|Any CPU
		{E6A78F08-B9C4-48C4-B5A1-15C4F8E516C7}.ExportDebug|Mixed Platforms.Build.0 = ExportDebug|Any CPU
		{E6A78F08-B9C4-48C4-B5A1-15C4F8E516C7}.ExportDebug|x86.ActiveCfg = ExportDebug|Any CPU
		{E6A78F08-B9C4-48C4-B5A1-15C4F8E516C7}.ExportDebug|x86.Build.0 = ExportDebug|Any CPU
		{E6A78F08-B9C4-48C4-B5A1-15C4F8E516C7}.ExportRelease|Any CPU.ActiveCfg = ExportRelease|Any CPU
		{E6A78F08-B9C4-48C4-B5A1-15C4F8E516C7}.ExportRelease|Any CPU.Build.0 = ExportRelease|Any CPU
		{E6A78F08-B9C4-48C4-B5A1-15C4F8E516C7}.ExportRelease|Mixed Platforms.ActiveCfg = ExportRelease|Any CPU
		{E6A78F08-B9C4-48C4-B5A1-15C4F8E516C7}.ExportRelease|Mixed Platforms.Build.0 = ExportRelease|Any CPU
		{E6A78F08-B9C4-48C4-B5A1-15C4F8E516C7}.ExportRelease|x86.ActiveCfg = ExportRelease|Any CPU
		{E6A78F08-B9C4-48C4-B5A1-15C4F8E516C7}.ExportRelease|x86.Build.0 = ExportRelease|Any CPU
		{E6A78F08-B9C4-48C4-B5A1-15C4F8E516C7}.Release|Any CPU.ActiveCfg = ExportRelease|Any CPU
		{E6A78F08-B9C4-48C4-B5A1-15C4F8E516C7}.Release|Any CPU.Build.0 = ExportRelease|Any CPU
		{E6A78F08-B9C4-48C4-B5A1-15C4F8E516C7}.Release|Mixed Platforms.ActiveCfg = ExportRelease|Any CPU
		{E6A78F08-B9C4-48C4-B5A1-15C4F8E516C7}.Release|Mixed Platforms.Build.0 = ExportRelease|Any CPU
		{E6A78F08-B9C4-48C4-B5A1-15C4F8E516C7}.Release|x86.ActiveCfg = ExportRelease|Any CPU
		{E6A78F08-B9C4-48C4-B5A1-15C4F8E516C7}.Release|x86.Build.0 = ExportRelease|Any CPU
		{586F1BA8-0BA9-4827-BF53-B19DB2DA6B78}.Debug|Any CPU.ActiveCfg = Debug|Any CPU
		{586F1BA8-0BA9-4827-BF53-B19DB2DA6B78}.Debug|Any CPU.Build.0 = Debug|Any CPU
		{586F1BA8-0BA9-4827-BF53-B19DB2DA6B78}.Debug|Mixed Platforms.ActiveCfg = Debug|Any CPU
		{586F1BA8-0BA9-4827-BF53-B19DB2DA6B78}.Debug|Mixed Platforms.Build.0 = Debug|Any CPU
		{586F1BA8-0BA9-4827-BF53-B19DB2DA6B78}.Debug|x86.ActiveCfg = Debug|x86
		{586F1BA8-0BA9-4827-BF53-B19DB2DA6B78}.Debug|x86.Build.0 = Debug|x86
		{586F1BA8-0BA9-4827-BF53-B19DB2DA6B78}.ExportDebug|Any CPU.ActiveCfg = Debug|Any CPU
		{586F1BA8-0BA9-4827-BF53-B19DB2DA6B78}.ExportDebug|Any CPU.Build.0 = Debug|Any CPU
		{586F1BA8-0BA9-4827-BF53-B19DB2DA6B78}.ExportDebug|Mixed Platforms.ActiveCfg = Debug|Any CPU
		{586F1BA8-0BA9-4827-BF53-B19DB2DA6B78}.ExportDebug|Mixed Platforms.Build.0 = Debug|Any CPU
		{586F1BA8-0BA9-4827-BF53-B19DB2DA6B78}.ExportDebug|x86.ActiveCfg = Debug|Any CPU
		{586F1BA8-0BA9-4827-BF53-B19DB2DA6B78}.ExportDebug|x86.Build.0 = Debug|Any CPU
		{586F1BA8-0BA9-4827-BF53-B19DB2DA6B78}.ExportRelease|Any CPU.ActiveCfg = Release|Any CPU
		{586F1BA8-0BA9-4827-BF53-B19DB2DA6B78}.ExportRelease|Any CPU.Build.0 = Release|Any CPU
		{586F1BA8-0BA9-4827-BF53-B19DB2DA6B78}.ExportRelease|Mixed Platforms.ActiveCfg = Release|Any CPU
		{586F1BA8-0BA9-4827-BF53-B19DB2DA6B78}.ExportRelease|Mixed Platforms.Build.0 = Release|Any CPU
		{586F1BA8-0BA9-4827-BF53-B19DB2DA6B78}.ExportRelease|x86.ActiveCfg = Release|Any CPU
		{586F1BA8-0BA9-4827-BF53-B19DB2DA6B78}.ExportRelease|x86.Build.0 = Release|Any CPU
		{586F1BA8-0BA9-4827-BF53-B19DB2DA6B78}.Release|Any CPU.ActiveCfg = Release|Any CPU
		{586F1BA8-0BA9-4827-BF53-B19DB2DA6B78}.Release|Any CPU.Build.0 = Release|Any CPU
		{586F1BA8-0BA9-4827-BF53-B19DB2DA6B78}.Release|Mixed Platforms.ActiveCfg = Release|Any CPU
		{586F1BA8-0BA9-4827-BF53-B19DB2DA6B78}.Release|Mixed Platforms.Build.0 = Release|Any CPU
		{586F1BA8-0BA9-4827-BF53-B19DB2DA6B78}.Release|x86.ActiveCfg = Release|Any CPU
		{586F1BA8-0BA9-4827-BF53-B19DB2DA6B78}.Release|x86.Build.0 = Release|Any CPU
		{5A0FB0A3-417E-48E8-A602-43A65D7EF7CE}.Debug|Any CPU.ActiveCfg = Debug|Any CPU
		{5A0FB0A3-417E-48E8-A602-43A65D7EF7CE}.Debug|Any CPU.Build.0 = Debug|Any CPU
		{5A0FB0A3-417E-48E8-A602-43A65D7EF7CE}.Debug|Mixed Platforms.ActiveCfg = Debug|Any CPU
		{5A0FB0A3-417E-48E8-A602-43A65D7EF7CE}.Debug|Mixed Platforms.Build.0 = Debug|Any CPU
		{5A0FB0A3-417E-48E8-A602-43A65D7EF7CE}.Debug|x86.ActiveCfg = Debug|Any CPU
		{5A0FB0A3-417E-48E8-A602-43A65D7EF7CE}.Debug|x86.Build.0 = Debug|Any CPU
		{5A0FB0A3-417E-48E8-A602-43A65D7EF7CE}.ExportDebug|Any CPU.ActiveCfg = Debug|Any CPU
		{5A0FB0A3-417E-48E8-A602-43A65D7EF7CE}.ExportDebug|Any CPU.Build.0 = Debug|Any CPU
		{5A0FB0A3-417E-48E8-A602-43A65D7EF7CE}.ExportDebug|Mixed Platforms.ActiveCfg = Debug|Any CPU
		{5A0FB0A3-417E-48E8-A602-43A65D7EF7CE}.ExportDebug|Mixed Platforms.Build.0 = Debug|Any CPU
		{5A0FB0A3-417E-48E8-A602-43A65D7EF7CE}.ExportDebug|x86.ActiveCfg = Debug|Any CPU
		{5A0FB0A3-417E-48E8-A602-43A65D7EF7CE}.ExportDebug|x86.Build.0 = Debug|Any CPU
		{5A0FB0A3-417E-48E8-A602-43A65D7EF7CE}.ExportRelease|Any CPU.ActiveCfg = Release|Any CPU
		{5A0FB0A3-417E-48E8-A602-43A65D7EF7CE}.ExportRelease|Any CPU.Build.0 = Release|Any CPU
		{5A0FB0A3-417E-48E8-A602-43A65D7EF7CE}.ExportRelease|Mixed Platforms.ActiveCfg = Release|Any CPU
		{5A0FB0A3-417E-48E8-A602-43A65D7EF7CE}.ExportRelease|Mixed Platforms.Build.0 = Release|Any CPU
		{5A0FB0A3-417E-48E8-A602-43A65D7EF7CE}.ExportRelease|x86.ActiveCfg = Release|Any CPU
		{5A0FB0A3-417E-48E8-A602-43A65D7EF7CE}.ExportRelease|x86.Build.0 = Release|Any CPU
		{5A0FB0A3-417E-48E8-A602-43A65D7EF7CE}.Release|Any CPU.ActiveCfg = Release|Any CPU
		{5A0FB0A3-417E-48E8-A602-43A65D7EF7CE}.Release|Any CPU.Build.0 = Release|Any CPU
		{5A0FB0A3-417E-48E8-A602-43A65D7EF7CE}.Release|Mixed Platforms.ActiveCfg = Release|Any CPU
		{5A0FB0A3-417E-48E8-A602-43A65D7EF7CE}.Release|Mixed Platforms.Build.0 = Release|Any CPU
		{5A0FB0A3-417E-48E8-A602-43A65D7EF7CE}.Release|x86.ActiveCfg = Release|Any CPU
		{5A0FB0A3-417E-48E8-A602-43A65D7EF7CE}.Release|x86.Build.0 = Release|Any CPU
		{57FBFF49-2DBF-4744-A2BB-9CFCDDC0AF85}.Debug|Any CPU.ActiveCfg = Debug|x86
		{57FBFF49-2DBF-4744-A2BB-9CFCDDC0AF85}.Debug|Any CPU.Build.0 = Debug|x86
		{57FBFF49-2DBF-4744-A2BB-9CFCDDC0AF85}.Debug|Mixed Platforms.ActiveCfg = Debug|x86
		{57FBFF49-2DBF-4744-A2BB-9CFCDDC0AF85}.Debug|Mixed Platforms.Build.0 = Debug|x86
		{57FBFF49-2DBF-4744-A2BB-9CFCDDC0AF85}.Debug|x86.ActiveCfg = Debug|x86
		{57FBFF49-2DBF-4744-A2BB-9CFCDDC0AF85}.Debug|x86.Build.0 = Debug|x86
		{57FBFF49-2DBF-4744-A2BB-9CFCDDC0AF85}.ExportDebug|Any CPU.ActiveCfg = Debug|x86
		{57FBFF49-2DBF-4744-A2BB-9CFCDDC0AF85}.ExportDebug|Any CPU.Build.0 = Debug|x86
		{57FBFF49-2DBF-4744-A2BB-9CFCDDC0AF85}.ExportDebug|Mixed Platforms.ActiveCfg = Debug|x86
		{57FBFF49-2DBF-4744-A2BB-9CFCDDC0AF85}.ExportDebug|Mixed Platforms.Build.0 = Debug|x86
		{57FBFF49-2DBF-4744-A2BB-9CFCDDC0AF85}.ExportDebug|x86.ActiveCfg = Debug|x86
		{57FBFF49-2DBF-4744-A2BB-9CFCDDC0AF85}.ExportDebug|x86.Build.0 = Debug|x86
		{57FBFF49-2DBF-4744-A2BB-9CFCDDC0AF85}.ExportRelease|Any CPU.ActiveCfg = Release|x86
		{57FBFF49-2DBF-4744-A2BB-9CFCDDC0AF85}.ExportRelease|Any CPU.Build.0 = Release|x86
		{57FBFF49-2DBF-4744-A2BB-9CFCDDC0AF85}.ExportRelease|Mixed Platforms.ActiveCfg = Release|x86
		{57FBFF49-2DBF-4744-A2BB-9CFCDDC0AF85}.ExportRelease|Mixed Platforms.Build.0 = Release|x86
		{57FBFF49-2DBF-4744-A2BB-9CFCDDC0AF85}.ExportRelease|x86.ActiveCfg = Release|x86
		{57FBFF49-2DBF-4744-A2BB-9CFCDDC0AF85}.ExportRelease|x86.Build.0 = Release|x86
		{57FBFF49-2DBF-4744-A2BB-9CFCDDC0AF85}.Release|Any CPU.ActiveCfg = Release|x86
		{57FBFF49-2DBF-4744-A2BB-9CFCDDC0AF85}.Release|Any CPU.Build.0 = Release|x86
		{57FBFF49-2DBF-4744-A2BB-9CFCDDC0AF85}.Release|Mixed Platforms.ActiveCfg = Release|x86
		{57FBFF49-2DBF-4744-A2BB-9CFCDDC0AF85}.Release|Mixed Platforms.Build.0 = Release|x86
		{57FBFF49-2DBF-4744-A2BB-9CFCDDC0AF85}.Release|x86.ActiveCfg = Release|x86
		{57FBFF49-2DBF-4744-A2BB-9CFCDDC0AF85}.Release|x86.Build.0 = Release|x86
		{172F4249-4A0A-4ADA-B57A-996016C1D519}.Debug|Any CPU.ActiveCfg = Debug|Any CPU
		{172F4249-4A0A-4ADA-B57A-996016C1D519}.Debug|Any CPU.Build.0 = Debug|Any CPU
		{172F4249-4A0A-4ADA-B57A-996016C1D519}.Debug|Mixed Platforms.ActiveCfg = Debug|x86
		{172F4249-4A0A-4ADA-B57A-996016C1D519}.Debug|Mixed Platforms.Build.0 = Debug|x86
		{172F4249-4A0A-4ADA-B57A-996016C1D519}.Debug|x86.ActiveCfg = Debug|x86
		{172F4249-4A0A-4ADA-B57A-996016C1D519}.Debug|x86.Build.0 = Debug|x86
		{172F4249-4A0A-4ADA-B57A-996016C1D519}.ExportDebug|Any CPU.ActiveCfg = Debug|Any CPU
		{172F4249-4A0A-4ADA-B57A-996016C1D519}.ExportDebug|Any CPU.Build.0 = Debug|Any CPU
		{172F4249-4A0A-4ADA-B57A-996016C1D519}.ExportDebug|Mixed Platforms.ActiveCfg = Debug|x86
		{172F4249-4A0A-4ADA-B57A-996016C1D519}.ExportDebug|Mixed Platforms.Build.0 = Debug|x86
		{172F4249-4A0A-4ADA-B57A-996016C1D519}.ExportDebug|x86.ActiveCfg = Debug|x86
		{172F4249-4A0A-4ADA-B57A-996016C1D519}.ExportDebug|x86.Build.0 = Debug|x86
		{172F4249-4A0A-4ADA-B57A-996016C1D519}.ExportRelease|Any CPU.ActiveCfg = Release|Any CPU
		{172F4249-4A0A-4ADA-B57A-996016C1D519}.ExportRelease|Any CPU.Build.0 = Release|Any CPU
		{172F4249-4A0A-4ADA-B57A-996016C1D519}.ExportRelease|Mixed Platforms.ActiveCfg = Release|x86
		{172F4249-4A0A-4ADA-B57A-996016C1D519}.ExportRelease|Mixed Platforms.Build.0 = Release|x86
		{172F4249-4A0A-4ADA-B57A-996016C1D519}.ExportRelease|x86.ActiveCfg = Release|x86
		{172F4249-4A0A-4ADA-B57A-996016C1D519}.ExportRelease|x86.Build.0 = Release|x86
		{172F4249-4A0A-4ADA-B57A-996016C1D519}.Release|Any CPU.ActiveCfg = Release|Any CPU
		{172F4249-4A0A-4ADA-B57A-996016C1D519}.Release|Any CPU.Build.0 = Release|Any CPU
		{172F4249-4A0A-4ADA-B57A-996016C1D519}.Release|Mixed Platforms.ActiveCfg = Release|x86
		{172F4249-4A0A-4ADA-B57A-996016C1D519}.Release|Mixed Platforms.Build.0 = Release|x86
		{172F4249-4A0A-4ADA-B57A-996016C1D519}.Release|x86.ActiveCfg = Release|x86
		{172F4249-4A0A-4ADA-B57A-996016C1D519}.Release|x86.Build.0 = Release|x86
		{E923B539-0C3D-4919-8D3D-E7E3FFD19B02}.Debug|Any CPU.ActiveCfg = Debug|Any CPU
		{E923B539-0C3D-4919-8D3D-E7E3FFD19B02}.Debug|Any CPU.Build.0 = Debug|Any CPU
		{E923B539-0C3D-4919-8D3D-E7E3FFD19B02}.Debug|Mixed Platforms.ActiveCfg = Debug|x86
		{E923B539-0C3D-4919-8D3D-E7E3FFD19B02}.Debug|Mixed Platforms.Build.0 = Debug|x86
		{E923B539-0C3D-4919-8D3D-E7E3FFD19B02}.Debug|x86.ActiveCfg = Debug|x86
		{E923B539-0C3D-4919-8D3D-E7E3FFD19B02}.Debug|x86.Build.0 = Debug|x86
		{E923B539-0C3D-4919-8D3D-E7E3FFD19B02}.ExportDebug|Any CPU.ActiveCfg = Debug|Any CPU
		{E923B539-0C3D-4919-8D3D-E7E3FFD19B02}.ExportDebug|Any CPU.Build.0 = Debug|Any CPU
		{E923B539-0C3D-4919-8D3D-E7E3FFD19B02}.ExportDebug|Mixed Platforms.ActiveCfg = Debug|x86
		{E923B539-0C3D-4919-8D3D-E7E3FFD19B02}.ExportDebug|Mixed Platforms.Build.0 = Debug|x86
		{E923B539-0C3D-4919-8D3D-E7E3FFD19B02}.ExportDebug|x86.ActiveCfg = Debug|x86
		{E923B539-0C3D-4919-8D3D-E7E3FFD19B02}.ExportDebug|x86.Build.0 = Debug|x86
		{E923B539-0C3D-4919-8D3D-E7E3FFD19B02}.ExportRelease|Any CPU.ActiveCfg = Release|Any CPU
		{E923B539-0C3D-4919-8D3D-E7E3FFD19B02}.ExportRelease|Any CPU.Build.0 = Release|Any CPU
		{E923B539-0C3D-4919-8D3D-E7E3FFD19B02}.ExportRelease|Mixed Platforms.ActiveCfg = Release|x86
		{E923B539-0C3D-4919-8D3D-E7E3FFD19B02}.ExportRelease|Mixed Platforms.Build.0 = Release|x86
		{E923B539-0C3D-4919-8D3D-E7E3FFD19B02}.ExportRelease|x86.ActiveCfg = Release|x86
		{E923B539-0C3D-4919-8D3D-E7E3FFD19B02}.ExportRelease|x86.Build.0 = Release|x86
		{E923B539-0C3D-4919-8D3D-E7E3FFD19B02}.Release|Any CPU.ActiveCfg = Release|Any CPU
		{E923B539-0C3D-4919-8D3D-E7E3FFD19B02}.Release|Any CPU.Build.0 = Release|Any CPU
		{E923B539-0C3D-4919-8D3D-E7E3FFD19B02}.Release|Mixed Platforms.ActiveCfg = Release|x86
		{E923B539-0C3D-4919-8D3D-E7E3FFD19B02}.Release|Mixed Platforms.Build.0 = Release|x86
		{E923B539-0C3D-4919-8D3D-E7E3FFD19B02}.Release|x86.ActiveCfg = Release|x86
		{E923B539-0C3D-4919-8D3D-E7E3FFD19B02}.Release|x86.Build.0 = Release|x86
	EndGlobalSection
	GlobalSection(SolutionProperties) = preSolution
		HideSolutionNode = FALSE
	EndGlobalSection
	GlobalSection(NestedProjects) = preSolution
		{2A5D19C3-23CD-4D4E-98B0-5A636EB374BD} = {522576D4-8C90-4469-867D-FAB427D9B36E}
		{2AB7CD32-E016-4792-A369-0A530B5193B7} = {EC18C38D-36F5-4891-9526-0D9ACCB74E8E}
		{EC18C38D-36F5-4891-9526-0D9ACCB74E8E} = {3736B944-7C64-43F5-A947-587B95A2E933}
		{522576D4-8C90-4469-867D-FAB427D9B36E} = {3736B944-7C64-43F5-A947-587B95A2E933}
		{1475F980-15CD-49BE-B2BA-10F40849F5FC} = {C95E86A4-1F2E-4EB6-9462-E0DB6B13CC71}
		{F65782E7-26E9-4153-A8FB-0893474DD310} = {522576D4-8C90-4469-867D-FAB427D9B36E}
		{E6A78F08-B9C4-48C4-B5A1-15C4F8E516C7} = {522576D4-8C90-4469-867D-FAB427D9B36E}
		{586F1BA8-0BA9-4827-BF53-B19DB2DA6B78} = {0D635C32-503C-4ED7-B73B-EF8C95360A3F}
		{5A0FB0A3-417E-48E8-A602-43A65D7EF7CE} = {0D635C32-503C-4ED7-B73B-EF8C95360A3F}
		{57FBFF49-2DBF-4744-A2BB-9CFCDDC0AF85} = {0D635C32-503C-4ED7-B73B-EF8C95360A3F}
		{172F4249-4A0A-4ADA-B57A-996016C1D519} = {0D635C32-503C-4ED7-B73B-EF8C95360A3F}
		{E923B539-0C3D-4919-8D3D-E7E3FFD19B02} = {E982502B-E408-4083-A92A-5CBD58CCF0B0}
	EndGlobalSection
	GlobalSection(ExtensibilityGlobals) = postSolution
		SolutionGuid = {FD6546DD-0D75-49F6-A97B-802159FE24BA}
	EndGlobalSection
EndGlobal
