
Microsoft Visual Studio Solution File, Format Version 12.00
# Visual Studio Version 17
VisualStudioVersion = 17.1.32120.378
MinimumVisualStudioVersion = 10.0.40219.1
Project("{9A19103F-16F7-4668-BE54-9A1E7A4F7556}") = "NetProc", "NetProc.csproj", "{DAAA2B43-4A9B-4DB9-B861-AFF59CCB37C3}"
EndProject
Global
	GlobalSection(SolutionConfigurationPlatforms) = preSolution
		Debug|Any CPU = Debug|Any CPU
		Release|Any CPU = Release|Any CPU
	EndGlobalSection
	GlobalSection(ProjectConfigurationPlatforms) = postSolution
		{DAAA2B43-4A9B-4DB9-B861-AFF59CCB37C3}.Debug|Any CPU.ActiveCfg = Debug|Any CPU
		{DAAA2B43-4A9B-4DB9-B861-AFF59CCB37C3}.Debug|Any CPU.Build.0 = Debug|Any CPU
		{DAAA2B43-4A9B-4DB9-B861-AFF59CCB37C3}.Release|Any CPU.ActiveCfg = Release|Any CPU
		{DAAA2B43-4A9B-4DB9-B861-AFF59CCB37C3}.Release|Any CPU.Build.0 = Release|Any CPU
	EndGlobalSection
	GlobalSection(SolutionProperties) = preSolution
		HideSolutionNode = FALSE
	EndGlobalSection
	GlobalSection(ExtensibilityGlobals) = postSolution
		SolutionGuid = {D86D5EE5-F6B5-43B2-8783-C141B7A42ACE}
	EndGlobalSection
EndGlobal
